// !$*UTF8*$!
{
	archiveVersion = 1;
	classes = {
	};
	objectVersion = 50;
	objects = {

/* Begin PBXBuildFile section */
		189AB0A4EA17E6C59E8013AD /* Pods_flixapp.framework in Frameworks */ = {isa = PBXBuildFile; fileRef = FFA870443C958EB820F89E06 /* Pods_flixapp.framework */; };
		2763B45C220C9D3400CF6312 /* AppDelegate.swift in Sources */ = {isa = PBXBuildFile; fileRef = 2763B45B220C9D3400CF6312 /* AppDelegate.swift */; };
		2763B461220C9D3400CF6312 /* Main.storyboard in Resources */ = {isa = PBXBuildFile; fileRef = 2763B45F220C9D3400CF6312 /* Main.storyboard */; };
		2763B463220C9D3600CF6312 /* Assets.xcassets in Resources */ = {isa = PBXBuildFile; fileRef = 2763B462220C9D3600CF6312 /* Assets.xcassets */; };
		2763B466220C9D3600CF6312 /* LaunchScreen.storyboard in Resources */ = {isa = PBXBuildFile; fileRef = 2763B464220C9D3600CF6312 /* LaunchScreen.storyboard */; };
		2763B471220C9D3600CF6312 /* flixappTests.swift in Sources */ = {isa = PBXBuildFile; fileRef = 2763B470220C9D3600CF6312 /* flixappTests.swift */; };
		2763B47C220C9D3600CF6312 /* flixappUITests.swift in Sources */ = {isa = PBXBuildFile; fileRef = 2763B47B220C9D3600CF6312 /* flixappUITests.swift */; };
		502CD3C0220D28C6002C0485 /* MovieViewController.swift in Sources */ = {isa = PBXBuildFile; fileRef = 502CD3BF220D28C6002C0485 /* MovieViewController.swift */; };
		502CD3C2220D2CB7002C0485 /* MovieCell.swift in Sources */ = {isa = PBXBuildFile; fileRef = 502CD3C1220D2CB7002C0485 /* MovieCell.swift */; };
		5DC33E9A25BFD9763EAC2C07 /* Pods_flixappUITests.framework in Frameworks */ = {isa = PBXBuildFile; fileRef = CBFBFDE17D27481D9ADD3820 /* Pods_flixappUITests.framework */; };
		D41A0A61306F915567FD2EB3 /* Pods_flixappTests.framework in Frameworks */ = {isa = PBXBuildFile; fileRef = 7E35A6CED8AC272307FD4E98 /* Pods_flixappTests.framework */; };
/* End PBXBuildFile section */

/* Begin PBXContainerItemProxy section */
		2763B46D220C9D3600CF6312 /* PBXContainerItemProxy */ = {
			isa = PBXContainerItemProxy;
			containerPortal = 2763B450220C9D3300CF6312 /* Project object */;
			proxyType = 1;
			remoteGlobalIDString = 2763B457220C9D3400CF6312;
			remoteInfo = flixapp;
		};
		2763B478220C9D3600CF6312 /* PBXContainerItemProxy */ = {
			isa = PBXContainerItemProxy;
			containerPortal = 2763B450220C9D3300CF6312 /* Project object */;
			proxyType = 1;
			remoteGlobalIDString = 2763B457220C9D3400CF6312;
			remoteInfo = flixapp;
		};
/* End PBXContainerItemProxy section */

/* Begin PBXFileReference section */
		02FFB0401C1E70966BDB3374 /* Pods-flixappUITests.debug.xcconfig */ = {isa = PBXFileReference; includeInIndex = 1; lastKnownFileType = text.xcconfig; name = "Pods-flixappUITests.debug.xcconfig"; path = "Pods/Target Support Files/Pods-flixappUITests/Pods-flixappUITests.debug.xcconfig"; sourceTree = "<group>"; };
		2763B458220C9D3400CF6312 /* flixapp.app */ = {isa = PBXFileReference; explicitFileType = wrapper.application; includeInIndex = 0; path = flixapp.app; sourceTree = BUILT_PRODUCTS_DIR; };
		2763B45B220C9D3400CF6312 /* AppDelegate.swift */ = {isa = PBXFileReference; lastKnownFileType = sourcecode.swift; path = AppDelegate.swift; sourceTree = "<group>"; };
		2763B460220C9D3400CF6312 /* Base */ = {isa = PBXFileReference; lastKnownFileType = file.storyboard; name = Base; path = Base.lproj/Main.storyboard; sourceTree = "<group>"; };
		2763B462220C9D3600CF6312 /* Assets.xcassets */ = {isa = PBXFileReference; lastKnownFileType = folder.assetcatalog; path = Assets.xcassets; sourceTree = "<group>"; };
		2763B465220C9D3600CF6312 /* Base */ = {isa = PBXFileReference; lastKnownFileType = file.storyboard; name = Base; path = Base.lproj/LaunchScreen.storyboard; sourceTree = "<group>"; };
		2763B467220C9D3600CF6312 /* Info.plist */ = {isa = PBXFileReference; lastKnownFileType = text.plist.xml; path = Info.plist; sourceTree = "<group>"; };
		2763B46C220C9D3600CF6312 /* flixappTests.xctest */ = {isa = PBXFileReference; explicitFileType = wrapper.cfbundle; includeInIndex = 0; path = flixappTests.xctest; sourceTree = BUILT_PRODUCTS_DIR; };
		2763B470220C9D3600CF6312 /* flixappTests.swift */ = {isa = PBXFileReference; lastKnownFileType = sourcecode.swift; path = flixappTests.swift; sourceTree = "<group>"; };
		2763B472220C9D3600CF6312 /* Info.plist */ = {isa = PBXFileReference; lastKnownFileType = text.plist.xml; path = Info.plist; sourceTree = "<group>"; };
		2763B477220C9D3600CF6312 /* flixappUITests.xctest */ = {isa = PBXFileReference; explicitFileType = wrapper.cfbundle; includeInIndex = 0; path = flixappUITests.xctest; sourceTree = BUILT_PRODUCTS_DIR; };
		2763B47B220C9D3600CF6312 /* flixappUITests.swift */ = {isa = PBXFileReference; lastKnownFileType = sourcecode.swift; path = flixappUITests.swift; sourceTree = "<group>"; };
		2763B47D220C9D3600CF6312 /* Info.plist */ = {isa = PBXFileReference; lastKnownFileType = text.plist.xml; path = Info.plist; sourceTree = "<group>"; };
		3797CB9CFE512FD41F743231 /* Pods-flixapp.debug.xcconfig */ = {isa = PBXFileReference; includeInIndex = 1; lastKnownFileType = text.xcconfig; name = "Pods-flixapp.debug.xcconfig"; path = "Pods/Target Support Files/Pods-flixapp/Pods-flixapp.debug.xcconfig"; sourceTree = "<group>"; };
		38931690CE882A59FAA01EF9 /* Pods-flixappUITests.release.xcconfig */ = {isa = PBXFileReference; includeInIndex = 1; lastKnownFileType = text.xcconfig; name = "Pods-flixappUITests.release.xcconfig"; path = "Pods/Target Support Files/Pods-flixappUITests/Pods-flixappUITests.release.xcconfig"; sourceTree = "<group>"; };
		502CD3BF220D28C6002C0485 /* MovieViewController.swift */ = {isa = PBXFileReference; lastKnownFileType = sourcecode.swift; path = MovieViewController.swift; sourceTree = "<group>"; };
		502CD3C1220D2CB7002C0485 /* MovieCell.swift */ = {isa = PBXFileReference; lastKnownFileType = sourcecode.swift; path = MovieCell.swift; sourceTree = "<group>"; };
		68AEF639BD86859804F7FCAF /* Pods-flixappTests.release.xcconfig */ = {isa = PBXFileReference; includeInIndex = 1; lastKnownFileType = text.xcconfig; name = "Pods-flixappTests.release.xcconfig"; path = "Pods/Target Support Files/Pods-flixappTests/Pods-flixappTests.release.xcconfig"; sourceTree = "<group>"; };
		7D80F6F8AABB6F4FC0F72869 /* Pods-flixapp.release.xcconfig */ = {isa = PBXFileReference; includeInIndex = 1; lastKnownFileType = text.xcconfig; name = "Pods-flixapp.release.xcconfig"; path = "Pods/Target Support Files/Pods-flixapp/Pods-flixapp.release.xcconfig"; sourceTree = "<group>"; };
		7E35A6CED8AC272307FD4E98 /* Pods_flixappTests.framework */ = {isa = PBXFileReference; explicitFileType = wrapper.framework; includeInIndex = 0; path = Pods_flixappTests.framework; sourceTree = BUILT_PRODUCTS_DIR; };
		A832AF3319461024548513E3 /* Pods-flixappTests.debug.xcconfig */ = {isa = PBXFileReference; includeInIndex = 1; lastKnownFileType = text.xcconfig; name = "Pods-flixappTests.debug.xcconfig"; path = "Pods/Target Support Files/Pods-flixappTests/Pods-flixappTests.debug.xcconfig"; sourceTree = "<group>"; };
		CBFBFDE17D27481D9ADD3820 /* Pods_flixappUITests.framework */ = {isa = PBXFileReference; explicitFileType = wrapper.framework; includeInIndex = 0; path = Pods_flixappUITests.framework; sourceTree = BUILT_PRODUCTS_DIR; };
		FFA870443C958EB820F89E06 /* Pods_flixapp.framework */ = {isa = PBXFileReference; explicitFileType = wrapper.framework; includeInIndex = 0; path = Pods_flixapp.framework; sourceTree = BUILT_PRODUCTS_DIR; };
/* End PBXFileReference section */

/* Begin PBXFrameworksBuildPhase section */
		2763B455220C9D3400CF6312 /* Frameworks */ = {
			isa = PBXFrameworksBuildPhase;
			buildActionMask = 2147483647;
			files = (
				189AB0A4EA17E6C59E8013AD /* Pods_flixapp.framework in Frameworks */,
			);
			runOnlyForDeploymentPostprocessing = 0;
		};
		2763B469220C9D3600CF6312 /* Frameworks */ = {
			isa = PBXFrameworksBuildPhase;
			buildActionMask = 2147483647;
			files = (
				D41A0A61306F915567FD2EB3 /* Pods_flixappTests.framework in Frameworks */,
			);
			runOnlyForDeploymentPostprocessing = 0;
		};
		2763B474220C9D3600CF6312 /* Frameworks */ = {
			isa = PBXFrameworksBuildPhase;
			buildActionMask = 2147483647;
			files = (
				5DC33E9A25BFD9763EAC2C07 /* Pods_flixappUITests.framework in Frameworks */,
			);
			runOnlyForDeploymentPostprocessing = 0;
		};
/* End PBXFrameworksBuildPhase section */

/* Begin PBXGroup section */
		19BC7722752F037ED26A9CCF /* Pods */ = {
			isa = PBXGroup;
			children = (
				3797CB9CFE512FD41F743231 /* Pods-flixapp.debug.xcconfig */,
				7D80F6F8AABB6F4FC0F72869 /* Pods-flixapp.release.xcconfig */,
				A832AF3319461024548513E3 /* Pods-flixappTests.debug.xcconfig */,
				68AEF639BD86859804F7FCAF /* Pods-flixappTests.release.xcconfig */,
				02FFB0401C1E70966BDB3374 /* Pods-flixappUITests.debug.xcconfig */,
				38931690CE882A59FAA01EF9 /* Pods-flixappUITests.release.xcconfig */,
			);
			name = Pods;
			sourceTree = "<group>";
		};
		2763B44F220C9D3300CF6312 = {
			isa = PBXGroup;
			children = (
				2763B45A220C9D3400CF6312 /* flixapp */,
				2763B46F220C9D3600CF6312 /* flixappTests */,
				2763B47A220C9D3600CF6312 /* flixappUITests */,
				2763B459220C9D3400CF6312 /* Products */,
				19BC7722752F037ED26A9CCF /* Pods */,
				E85ABFD30C07AA2F0FE32B15 /* Frameworks */,
			);
			sourceTree = "<group>";
		};
		2763B459220C9D3400CF6312 /* Products */ = {
			isa = PBXGroup;
			children = (
				2763B458220C9D3400CF6312 /* flixapp.app */,
				2763B46C220C9D3600CF6312 /* flixappTests.xctest */,
				2763B477220C9D3600CF6312 /* flixappUITests.xctest */,
			);
			name = Products;
			sourceTree = "<group>";
		};
		2763B45A220C9D3400CF6312 /* flixapp */ = {
			isa = PBXGroup;
			children = (
				2763B45B220C9D3400CF6312 /* AppDelegate.swift */,
				2763B45F220C9D3400CF6312 /* Main.storyboard */,
				502CD3C1220D2CB7002C0485 /* MovieCell.swift */,
				502CD3BF220D28C6002C0485 /* MovieViewController.swift */,
				2763B462220C9D3600CF6312 /* Assets.xcassets */,
				2763B464220C9D3600CF6312 /* LaunchScreen.storyboard */,
				2763B467220C9D3600CF6312 /* Info.plist */,
			);
			path = flixapp;
			sourceTree = "<group>";
		};
		2763B46F220C9D3600CF6312 /* flixappTests */ = {
			isa = PBXGroup;
			children = (
				2763B470220C9D3600CF6312 /* flixappTests.swift */,
				2763B472220C9D3600CF6312 /* Info.plist */,
			);
			path = flixappTests;
			sourceTree = "<group>";
		};
		2763B47A220C9D3600CF6312 /* flixappUITests */ = {
			isa = PBXGroup;
			children = (
				2763B47B220C9D3600CF6312 /* flixappUITests.swift */,
				2763B47D220C9D3600CF6312 /* Info.plist */,
			);
			path = flixappUITests;
			sourceTree = "<group>";
		};
		E85ABFD30C07AA2F0FE32B15 /* Frameworks */ = {
			isa = PBXGroup;
			children = (
				FFA870443C958EB820F89E06 /* Pods_flixapp.framework */,
				7E35A6CED8AC272307FD4E98 /* Pods_flixappTests.framework */,
				CBFBFDE17D27481D9ADD3820 /* Pods_flixappUITests.framework */,
			);
			name = Frameworks;
			sourceTree = "<group>";
		};
/* End PBXGroup section */

/* Begin PBXNativeTarget section */
		2763B457220C9D3400CF6312 /* flixapp */ = {
			isa = PBXNativeTarget;
			buildConfigurationList = 2763B480220C9D3600CF6312 /* Build configuration list for PBXNativeTarget "flixapp" */;
			buildPhases = (
				3A39FEC49FD92572B2E59C9F /* [CP] Check Pods Manifest.lock */,
				2763B454220C9D3400CF6312 /* Sources */,
				2763B455220C9D3400CF6312 /* Frameworks */,
				2763B456220C9D3400CF6312 /* Resources */,
				EA07132D2B220D8842117DB0 /* [CP] Embed Pods Frameworks */,
			);
			buildRules = (
			);
			dependencies = (
			);
			name = flixapp;
			productName = flixapp;
			productReference = 2763B458220C9D3400CF6312 /* flixapp.app */;
			productType = "com.apple.product-type.application";
		};
		2763B46B220C9D3600CF6312 /* flixappTests */ = {
			isa = PBXNativeTarget;
			buildConfigurationList = 2763B483220C9D3600CF6312 /* Build configuration list for PBXNativeTarget "flixappTests" */;
			buildPhases = (
				6838AF5E91BDC9CE32DBCD2E /* [CP] Check Pods Manifest.lock */,
				2763B468220C9D3600CF6312 /* Sources */,
				2763B469220C9D3600CF6312 /* Frameworks */,
				2763B46A220C9D3600CF6312 /* Resources */,
			);
			buildRules = (
			);
			dependencies = (
				2763B46E220C9D3600CF6312 /* PBXTargetDependency */,
			);
			name = flixappTests;
			productName = flixappTests;
			productReference = 2763B46C220C9D3600CF6312 /* flixappTests.xctest */;
			productType = "com.apple.product-type.bundle.unit-test";
		};
		2763B476220C9D3600CF6312 /* flixappUITests */ = {
			isa = PBXNativeTarget;
			buildConfigurationList = 2763B486220C9D3600CF6312 /* Build configuration list for PBXNativeTarget "flixappUITests" */;
			buildPhases = (
				F02D7D5FE35F2EF35CA0A942 /* [CP] Check Pods Manifest.lock */,
				2763B473220C9D3600CF6312 /* Sources */,
				2763B474220C9D3600CF6312 /* Frameworks */,
				2763B475220C9D3600CF6312 /* Resources */,
			);
			buildRules = (
			);
			dependencies = (
				2763B479220C9D3600CF6312 /* PBXTargetDependency */,
			);
			name = flixappUITests;
			productName = flixappUITests;
			productReference = 2763B477220C9D3600CF6312 /* flixappUITests.xctest */;
			productType = "com.apple.product-type.bundle.ui-testing";
		};
/* End PBXNativeTarget section */

/* Begin PBXProject section */
		2763B450220C9D3300CF6312 /* Project object */ = {
			isa = PBXProject;
			attributes = {
				LastSwiftUpdateCheck = 1010;
				LastUpgradeCheck = 1010;
				ORGANIZATIONNAME = Jonathan;
				TargetAttributes = {
					2763B457220C9D3400CF6312 = {
						CreatedOnToolsVersion = 10.1;
					};
					2763B46B220C9D3600CF6312 = {
						CreatedOnToolsVersion = 10.1;
						TestTargetID = 2763B457220C9D3400CF6312;
					};
					2763B476220C9D3600CF6312 = {
						CreatedOnToolsVersion = 10.1;
						TestTargetID = 2763B457220C9D3400CF6312;
					};
				};
			};
			buildConfigurationList = 2763B453220C9D3300CF6312 /* Build configuration list for PBXProject "flixapp" */;
			compatibilityVersion = "Xcode 9.3";
			developmentRegion = en;
			hasScannedForEncodings = 0;
			knownRegions = (
				en,
				Base,
			);
			mainGroup = 2763B44F220C9D3300CF6312;
			productRefGroup = 2763B459220C9D3400CF6312 /* Products */;
			projectDirPath = "";
			projectRoot = "";
			targets = (
				2763B457220C9D3400CF6312 /* flixapp */,
				2763B46B220C9D3600CF6312 /* flixappTests */,
				2763B476220C9D3600CF6312 /* flixappUITests */,
			);
		};
/* End PBXProject section */

/* Begin PBXResourcesBuildPhase section */
		2763B456220C9D3400CF6312 /* Resources */ = {
			isa = PBXResourcesBuildPhase;
			buildActionMask = 2147483647;
			files = (
				2763B466220C9D3600CF6312 /* LaunchScreen.storyboard in Resources */,
				2763B463220C9D3600CF6312 /* Assets.xcassets in Resources */,
				2763B461220C9D3400CF6312 /* Main.storyboard in Resources */,
			);
			runOnlyForDeploymentPostprocessing = 0;
		};
		2763B46A220C9D3600CF6312 /* Resources */ = {
			isa = PBXResourcesBuildPhase;
			buildActionMask = 2147483647;
			files = (
			);
			runOnlyForDeploymentPostprocessing = 0;
		};
		2763B475220C9D3600CF6312 /* Resources */ = {
			isa = PBXResourcesBuildPhase;
			buildActionMask = 2147483647;
			files = (
			);
			runOnlyForDeploymentPostprocessing = 0;
		};
/* End PBXResourcesBuildPhase section */

/* Begin PBXShellScriptBuildPhase section */
		3A39FEC49FD92572B2E59C9F /* [CP] Check Pods Manifest.lock */ = {
			isa = PBXShellScriptBuildPhase;
			buildActionMask = 2147483647;
			files = (
			);
			inputFileListPaths = (
			);
			inputPaths = (
				"${PODS_PODFILE_DIR_PATH}/Podfile.lock",
				"${PODS_ROOT}/Manifest.lock",
			);
			name = "[CP] Check Pods Manifest.lock";
			outputFileListPaths = (
			);
			outputPaths = (
				"$(DERIVED_FILE_DIR)/Pods-flixapp-checkManifestLockResult.txt",
			);
			runOnlyForDeploymentPostprocessing = 0;
			shellPath = /bin/sh;
			shellScript = "diff \"${PODS_PODFILE_DIR_PATH}/Podfile.lock\" \"${PODS_ROOT}/Manifest.lock\" > /dev/null\nif [ $? != 0 ] ; then\n    # print error to STDERR\n    echo \"error: The sandbox is not in sync with the Podfile.lock. Run 'pod install' or update your CocoaPods installation.\" >&2\n    exit 1\nfi\n# This output is used by Xcode 'outputs' to avoid re-running this script phase.\necho \"SUCCESS\" > \"${SCRIPT_OUTPUT_FILE_0}\"\n";
			showEnvVarsInLog = 0;
		};
		6838AF5E91BDC9CE32DBCD2E /* [CP] Check Pods Manifest.lock */ = {
			isa = PBXShellScriptBuildPhase;
			buildActionMask = 2147483647;
			files = (
			);
			inputFileListPaths = (
			);
			inputPaths = (
				"${PODS_PODFILE_DIR_PATH}/Podfile.lock",
				"${PODS_ROOT}/Manifest.lock",
			);
			name = "[CP] Check Pods Manifest.lock";
			outputFileListPaths = (
			);
			outputPaths = (
				"$(DERIVED_FILE_DIR)/Pods-flixappTests-checkManifestLockResult.txt",
			);
			runOnlyForDeploymentPostprocessing = 0;
			shellPath = /bin/sh;
			shellScript = "diff \"${PODS_PODFILE_DIR_PATH}/Podfile.lock\" \"${PODS_ROOT}/Manifest.lock\" > /dev/null\nif [ $? != 0 ] ; then\n    # print error to STDERR\n    echo \"error: The sandbox is not in sync with the Podfile.lock. Run 'pod install' or update your CocoaPods installation.\" >&2\n    exit 1\nfi\n# This output is used by Xcode 'outputs' to avoid re-running this script phase.\necho \"SUCCESS\" > \"${SCRIPT_OUTPUT_FILE_0}\"\n";
			showEnvVarsInLog = 0;
		};
		EA07132D2B220D8842117DB0 /* [CP] Embed Pods Frameworks */ = {
			isa = PBXShellScriptBuildPhase;
			buildActionMask = 2147483647;
			files = (
			);
			inputFileListPaths = (
			);
			inputPaths = (
				"${SRCROOT}/Pods/Target Support Files/Pods-flixapp/Pods-flixapp-frameworks.sh",
				"${BUILT_PRODUCTS_DIR}/Alamofire/Alamofire.framework",
				"${BUILT_PRODUCTS_DIR}/AlamofireImage/AlamofireImage.framework",
			);
			name = "[CP] Embed Pods Frameworks";
			outputFileListPaths = (
			);
			outputPaths = (
				"${TARGET_BUILD_DIR}/${FRAMEWORKS_FOLDER_PATH}/Alamofire.framework",
				"${TARGET_BUILD_DIR}/${FRAMEWORKS_FOLDER_PATH}/AlamofireImage.framework",
			);
			runOnlyForDeploymentPostprocessing = 0;
			shellPath = /bin/sh;
			shellScript = "\"${SRCROOT}/Pods/Target Support Files/Pods-flixapp/Pods-flixapp-frameworks.sh\"\n";
			showEnvVarsInLog = 0;
		};
		F02D7D5FE35F2EF35CA0A942 /* [CP] Check Pods Manifest.lock */ = {
			isa = PBXShellScriptBuildPhase;
			buildActionMask = 2147483647;
			files = (
			);
			inputFileListPaths = (
			);
			inputPaths = (
				"${PODS_PODFILE_DIR_PATH}/Podfile.lock",
				"${PODS_ROOT}/Manifest.lock",
			);
			name = "[CP] Check Pods Manifest.lock";
			outputFileListPaths = (
			);
			outputPaths = (
				"$(DERIVED_FILE_DIR)/Pods-flixappUITests-checkManifestLockResult.txt",
			);
			runOnlyForDeploymentPostprocessing = 0;
			shellPath = /bin/sh;
			shellScript = "diff \"${PODS_PODFILE_DIR_PATH}/Podfile.lock\" \"${PODS_ROOT}/Manifest.lock\" > /dev/null\nif [ $? != 0 ] ; then\n    # print error to STDERR\n    echo \"error: The sandbox is not in sync with the Podfile.lock. Run 'pod install' or update your CocoaPods installation.\" >&2\n    exit 1\nfi\n# This output is used by Xcode 'outputs' to avoid re-running this script phase.\necho \"SUCCESS\" > \"${SCRIPT_OUTPUT_FILE_0}\"\n";
			showEnvVarsInLog = 0;
		};
/* End PBXShellScriptBuildPhase section */

/* Begin PBXSourcesBuildPhase section */
		2763B454220C9D3400CF6312 /* Sources */ = {
			isa = PBXSourcesBuildPhase;
			buildActionMask = 2147483647;
			files = (
				2763B45C220C9D3400CF6312 /* AppDelegate.swift in Sources */,
				502CD3C0220D28C6002C0485 /* MovieViewController.swift in Sources */,
				502CD3C2220D2CB7002C0485 /* MovieCell.swift in Sources */,
			);
			runOnlyForDeploymentPostprocessing = 0;
		};
		2763B468220C9D3600CF6312 /* Sources */ = {
			isa = PBXSourcesBuildPhase;
			buildActionMask = 2147483647;
			files = (
				2763B471220C9D3600CF6312 /* flixappTests.swift in Sources */,
			);
			runOnlyForDeploymentPostprocessing = 0;
		};
		2763B473220C9D3600CF6312 /* Sources */ = {
			isa = PBXSourcesBuildPhase;
			buildActionMask = 2147483647;
			files = (
				2763B47C220C9D3600CF6312 /* flixappUITests.swift in Sources */,
			);
			runOnlyForDeploymentPostprocessing = 0;
		};
/* End PBXSourcesBuildPhase section */

/* Begin PBXTargetDependency section */
		2763B46E220C9D3600CF6312 /* PBXTargetDependency */ = {
			isa = PBXTargetDependency;
			target = 2763B457220C9D3400CF6312 /* flixapp */;
			targetProxy = 2763B46D220C9D3600CF6312 /* PBXContainerItemProxy */;
		};
		2763B479220C9D3600CF6312 /* PBXTargetDependency */ = {
			isa = PBXTargetDependency;
			target = 2763B457220C9D3400CF6312 /* flixapp */;
			targetProxy = 2763B478220C9D3600CF6312 /* PBXContainerItemProxy */;
		};
/* End PBXTargetDependency section */

/* Begin PBXVariantGroup section */
		2763B45F220C9D3400CF6312 /* Main.storyboard */ = {
			isa = PBXVariantGroup;
			children = (
				2763B460220C9D3400CF6312 /* Base */,
			);
			name = Main.storyboard;
			sourceTree = "<group>";
		};
		2763B464220C9D3600CF6312 /* LaunchScreen.storyboard */ = {
			isa = PBXVariantGroup;
			children = (
				2763B465220C9D3600CF6312 /* Base */,
			);
			name = LaunchScreen.storyboard;
			sourceTree = "<group>";
		};
/* End PBXVariantGroup section */

/* Begin XCBuildConfiguration section */
		2763B47E220C9D3600CF6312 /* Debug */ = {
			isa = XCBuildConfiguration;
			buildSettings = {
				ALWAYS_SEARCH_USER_PATHS = NO;
				CLANG_ANALYZER_NONNULL = YES;
				CLANG_ANALYZER_NUMBER_OBJECT_CONVERSION = YES_AGGRESSIVE;
				CLANG_CXX_LANGUAGE_STANDARD = "gnu++14";
				CLANG_CXX_LIBRARY = "libc++";
				CLANG_ENABLE_MODULES = YES;
				CLANG_ENABLE_OBJC_ARC = YES;
				CLANG_ENABLE_OBJC_WEAK = YES;
				CLANG_WARN_BLOCK_CAPTURE_AUTORELEASING = YES;
				CLANG_WARN_BOOL_CONVERSION = YES;
				CLANG_WARN_COMMA = YES;
				CLANG_WARN_CONSTANT_CONVERSION = YES;
				CLANG_WARN_DEPRECATED_OBJC_IMPLEMENTATIONS = YES;
				CLANG_WARN_DIRECT_OBJC_ISA_USAGE = YES_ERROR;
				CLANG_WARN_DOCUMENTATION_COMMENTS = YES;
				CLANG_WARN_EMPTY_BODY = YES;
				CLANG_WARN_ENUM_CONVERSION = YES;
				CLANG_WARN_INFINITE_RECURSION = YES;
				CLANG_WARN_INT_CONVERSION = YES;
				CLANG_WARN_NON_LITERAL_NULL_CONVERSION = YES;
				CLANG_WARN_OBJC_IMPLICIT_RETAIN_SELF = YES;
				CLANG_WARN_OBJC_LITERAL_CONVERSION = YES;
				CLANG_WARN_OBJC_ROOT_CLASS = YES_ERROR;
				CLANG_WARN_RANGE_LOOP_ANALYSIS = YES;
				CLANG_WARN_STRICT_PROTOTYPES = YES;
				CLANG_WARN_SUSPICIOUS_MOVE = YES;
				CLANG_WARN_UNGUARDED_AVAILABILITY = YES_AGGRESSIVE;
				CLANG_WARN_UNREACHABLE_CODE = YES;
				CLANG_WARN__DUPLICATE_METHOD_MATCH = YES;
				CODE_SIGN_IDENTITY = "iPhone Developer";
				COPY_PHASE_STRIP = NO;
				DEBUG_INFORMATION_FORMAT = dwarf;
				ENABLE_STRICT_OBJC_MSGSEND = YES;
				ENABLE_TESTABILITY = YES;
				GCC_C_LANGUAGE_STANDARD = gnu11;
				GCC_DYNAMIC_NO_PIC = NO;
				GCC_NO_COMMON_BLOCKS = YES;
				GCC_OPTIMIZATION_LEVEL = 0;
				GCC_PREPROCESSOR_DEFINITIONS = (
					"DEBUG=1",
					"$(inherited)",
				);
				GCC_WARN_64_TO_32_BIT_CONVERSION = YES;
				GCC_WARN_ABOUT_RETURN_TYPE = YES_ERROR;
				GCC_WARN_UNDECLARED_SELECTOR = YES;
				GCC_WARN_UNINITIALIZED_AUTOS = YES_AGGRESSIVE;
				GCC_WARN_UNUSED_FUNCTION = YES;
				GCC_WARN_UNUSED_VARIABLE = YES;
				IPHONEOS_DEPLOYMENT_TARGET = 12.1;
				MTL_ENABLE_DEBUG_INFO = INCLUDE_SOURCE;
				MTL_FAST_MATH = YES;
				ONLY_ACTIVE_ARCH = YES;
				SDKROOT = iphoneos;
				SWIFT_ACTIVE_COMPILATION_CONDITIONS = DEBUG;
				SWIFT_OPTIMIZATION_LEVEL = "-Onone";
			};
			name = Debug;
		};
		2763B47F220C9D3600CF6312 /* Release */ = {
			isa = XCBuildConfiguration;
			buildSettings = {
				ALWAYS_SEARCH_USER_PATHS = NO;
				CLANG_ANALYZER_NONNULL = YES;
				CLANG_ANALYZER_NUMBER_OBJECT_CONVERSION = YES_AGGRESSIVE;
				CLANG_CXX_LANGUAGE_STANDARD = "gnu++14";
				CLANG_CXX_LIBRARY = "libc++";
				CLANG_ENABLE_MODULES = YES;
				CLANG_ENABLE_OBJC_ARC = YES;
				CLANG_ENABLE_OBJC_WEAK = YES;
				CLANG_WARN_BLOCK_CAPTURE_AUTORELEASING = YES;
				CLANG_WARN_BOOL_CONVERSION = YES;
				CLANG_WARN_COMMA = YES;
				CLANG_WARN_CONSTANT_CONVERSION = YES;
				CLANG_WARN_DEPRECATED_OBJC_IMPLEMENTATIONS = YES;
				CLANG_WARN_DIRECT_OBJC_ISA_USAGE = YES_ERROR;
				CLANG_WARN_DOCUMENTATION_COMMENTS = YES;
				CLANG_WARN_EMPTY_BODY = YES;
				CLANG_WARN_ENUM_CONVERSION = YES;
				CLANG_WARN_INFINITE_RECURSION = YES;
				CLANG_WARN_INT_CONVERSION = YES;
				CLANG_WARN_NON_LITERAL_NULL_CONVERSION = YES;
				CLANG_WARN_OBJC_IMPLICIT_RETAIN_SELF = YES;
				CLANG_WARN_OBJC_LITERAL_CONVERSION = YES;
				CLANG_WARN_OBJC_ROOT_CLASS = YES_ERROR;
				CLANG_WARN_RANGE_LOOP_ANALYSIS = YES;
				CLANG_WARN_STRICT_PROTOTYPES = YES;
				CLANG_WARN_SUSPICIOUS_MOVE = YES;
				CLANG_WARN_UNGUARDED_AVAILABILITY = YES_AGGRESSIVE;
				CLANG_WARN_UNREACHABLE_CODE = YES;
				CLANG_WARN__DUPLICATE_METHOD_MATCH = YES;
				CODE_SIGN_IDENTITY = "iPhone Developer";
				COPY_PHASE_STRIP = NO;
				DEBUG_INFORMATION_FORMAT = "dwarf-with-dsym";
				ENABLE_NS_ASSERTIONS = NO;
				ENABLE_STRICT_OBJC_MSGSEND = YES;
				GCC_C_LANGUAGE_STANDARD = gnu11;
				GCC_NO_COMMON_BLOCKS = YES;
				GCC_WARN_64_TO_32_BIT_CONVERSION = YES;
				GCC_WARN_ABOUT_RETURN_TYPE = YES_ERROR;
				GCC_WARN_UNDECLARED_SELECTOR = YES;
				GCC_WARN_UNINITIALIZED_AUTOS = YES_AGGRESSIVE;
				GCC_WARN_UNUSED_FUNCTION = YES;
				GCC_WARN_UNUSED_VARIABLE = YES;
				IPHONEOS_DEPLOYMENT_TARGET = 12.1;
				MTL_ENABLE_DEBUG_INFO = NO;
				MTL_FAST_MATH = YES;
				SDKROOT = iphoneos;
				SWIFT_COMPILATION_MODE = wholemodule;
				SWIFT_OPTIMIZATION_LEVEL = "-O";
				VALIDATE_PRODUCT = YES;
			};
			name = Release;
		};
		2763B481220C9D3600CF6312 /* Debug */ = {
			isa = XCBuildConfiguration;
			baseConfigurationReference = 3797CB9CFE512FD41F743231 /* Pods-flixapp.debug.xcconfig */;
			buildSettings = {
				ASSETCATALOG_COMPILER_APPICON_NAME = AppIcon;
				CODE_SIGN_STYLE = Automatic;
				INFOPLIST_FILE = flixapp/Info.plist;
				LD_RUNPATH_SEARCH_PATHS = (
					"$(inherited)",
					"@executable_path/Frameworks",
				);
				PRODUCT_BUNDLE_IDENTIFIER = khiiidd.flixapp;
				PRODUCT_NAME = "$(TARGET_NAME)";
				SWIFT_VERSION = 4.2;
				TARGETED_DEVICE_FAMILY = "1,2";
			};
			name = Debug;
		};
		2763B482220C9D3600CF6312 /* Release */ = {
			isa = XCBuildConfiguration;
			baseConfigurationReference = 7D80F6F8AABB6F4FC0F72869 /* Pods-flixapp.release.xcconfig */;
			buildSettings = {
				ASSETCATALOG_COMPILER_APPICON_NAME = AppIcon;
				CODE_SIGN_STYLE = Automatic;
				INFOPLIST_FILE = flixapp/Info.plist;
				LD_RUNPATH_SEARCH_PATHS = (
					"$(inherited)",
					"@executable_path/Frameworks",
				);
				PRODUCT_BUNDLE_IDENTIFIER = khiiidd.flixapp;
				PRODUCT_NAME = "$(TARGET_NAME)";
				SWIFT_VERSION = 4.2;
				TARGETED_DEVICE_FAMILY = "1,2";
			};
			name = Release;
		};
		2763B484220C9D3600CF6312 /* Debug */ = {
			isa = XCBuildConfiguration;
			baseConfigurationReference = A832AF3319461024548513E3 /* Pods-flixappTests.debug.xcconfig */;
			buildSettings = {
				ALWAYS_EMBED_SWIFT_STANDARD_LIBRARIES = YES;
				BUNDLE_LOADER = "$(TEST_HOST)";
				CODE_SIGN_STYLE = Automatic;
				INFOPLIST_FILE = flixappTests/Info.plist;
				LD_RUNPATH_SEARCH_PATHS = (
					"$(inherited)",
					"@executable_path/Frameworks",
					"@loader_path/Frameworks",
				);
				PRODUCT_BUNDLE_IDENTIFIER = khiiidd.flixappTests;
				PRODUCT_NAME = "$(TARGET_NAME)";
				SWIFT_VERSION = 4.2;
				TARGETED_DEVICE_FAMILY = "1,2";
				TEST_HOST = "$(BUILT_PRODUCTS_DIR)/flixapp.app/flixapp";
			};
			name = Debug;
		};
		2763B485220C9D3600CF6312 /* Release */ = {
			isa = XCBuildConfiguration;
			baseConfigurationReference = 68AEF639BD86859804F7FCAF /* Pods-flixappTests.release.xcconfig */;
			buildSettings = {
				ALWAYS_EMBED_SWIFT_STANDARD_LIBRARIES = YES;
				BUNDLE_LOADER = "$(TEST_HOST)";
				CODE_SIGN_STYLE = Automatic;
				INFOPLIST_FILE = flixappTests/Info.plist;
				LD_RUNPATH_SEARCH_PATHS = (
					"$(inherited)",
					"@executable_path/Frameworks",
					"@loader_path/Frameworks",
				);
				PRODUCT_BUNDLE_IDENTIFIER = khiiidd.flixappTests;
				PRODUCT_NAME = "$(TARGET_NAME)";
				SWIFT_VERSION = 4.2;
				TARGETED_DEVICE_FAMILY = "1,2";
				TEST_HOST = "$(BUILT_PRODUCTS_DIR)/flixapp.app/flixapp";
			};
			name = Release;
		};
		2763B487220C9D3600CF6312 /* Debug */ = {
			isa = XCBuildConfiguration;
			baseConfigurationReference = 02FFB0401C1E70966BDB3374 /* Pods-flixappUITests.debug.xcconfig */;
			buildSettings = {
				ALWAYS_EMBED_SWIFT_STANDARD_LIBRARIES = YES;
				CODE_SIGN_STYLE = Automatic;
				INFOPLIST_FILE = flixappUITests/Info.plist;
				LD_RUNPATH_SEARCH_PATHS = (
					"$(inherited)",
					"@executable_path/Frameworks",
					"@loader_path/Frameworks",
				);
				PRODUCT_BUNDLE_IDENTIFIER = khiiidd.flixappUITests;
				PRODUCT_NAME = "$(TARGET_NAME)";
				SWIFT_VERSION = 4.2;
				TARGETED_DEVICE_FAMILY = "1,2";
				TEST_TARGET_NAME = flixapp;
			};
			name = Debug;
		};
		2763B488220C9D3600CF6312 /* Release */ = {
			isa = XCBuildConfiguration;
			baseConfigurationReference = 38931690CE882A59FAA01EF9 /* Pods-flixappUITests.release.xcconfig */;
			buildSettings = {
				ALWAYS_EMBED_SWIFT_STANDARD_LIBRARIES = YES;
				CODE_SIGN_STYLE = Automatic;
				INFOPLIST_FILE = flixappUITests/Info.plist;
				LD_RUNPATH_SEARCH_PATHS = (
					"$(inherited)",
					"@executable_path/Frameworks",
					"@loader_path/Frameworks",
				);
				PRODUCT_BUNDLE_IDENTIFIER = khiiidd.flixappUITests;
				PRODUCT_NAME = "$(TARGET_NAME)";
				SWIFT_VERSION = 4.2;
				TARGETED_DEVICE_FAMILY = "1,2";
				TEST_TARGET_NAME = flixapp;
			};
			name = Release;
		};
/* End XCBuildConfiguration section */

/* Begin XCConfigurationList section */
		2763B453220C9D3300CF6312 /* Build configuration list for PBXProject "flixapp" */ = {
			isa = XCConfigurationList;
			buildConfigurations = (
				2763B47E220C9D3600CF6312 /* Debug */,
				2763B47F220C9D3600CF6312 /* Release */,
			);
			defaultConfigurationIsVisible = 0;
			defaultConfigurationName = Release;
		};
		2763B480220C9D3600CF6312 /* Build configuration list for PBXNativeTarget "flixapp" */ = {
			isa = XCConfigurationList;
			buildConfigurations = (
				2763B481220C9D3600CF6312 /* Debug */,
				2763B482220C9D3600CF6312 /* Release */,
			);
			defaultConfigurationIsVisible = 0;
			defaultConfigurationName = Release;
		};
		2763B483220C9D3600CF6312 /* Build configuration list for PBXNativeTarget "flixappTests" */ = {
			isa = XCConfigurationList;
			buildConfigurations = (
				2763B484220C9D3600CF6312 /* Debug */,
				2763B485220C9D3600CF6312 /* Release */,
			);
			defaultConfigurationIsVisible = 0;
			defaultConfigurationName = Release;
		};
		2763B486220C9D3600CF6312 /* Build configuration list for PBXNativeTarget "flixappUITests" */ = {
			isa = XCConfigurationList;
			buildConfigurations = (
				2763B487220C9D3600CF6312 /* Debug */,
				2763B488220C9D3600CF6312 /* Release */,
			);
			defaultConfigurationIsVisible = 0;
			defaultConfigurationName = Release;
		};
/* End XCConfigurationList section */
	};
	rootObject = 2763B450220C9D3300CF6312 /* Project object */;
}
